
Microsoft Visual Studio Solution File, Format Version 12.00
# Visual Studio Version 17
VisualStudioVersion = 17.11.35219.272
MinimumVisualStudioVersion = 10.0.40219.1
Project("{54A90642-561A-4BB1-A94E-469ADEE60C69}") = "FirebotDropListCommand", "FirebotDropListCommand.esproj", "{59874607-AA28-4271-9EA0-21C6D8F71711}"
EndProject
Global
	GlobalSection(SolutionConfigurationPlatforms) = preSolution
		Debug|Any CPU = Debug|Any CPU
		Release|Any CPU = Release|Any CPU
	EndGlobalSection
	GlobalSection(ProjectConfigurationPlatforms) = postSolution
		{59874607-AA28-4271-9EA0-21C6D8F71711}.Debug|Any CPU.ActiveCfg = Debug|Any CPU
		{59874607-AA28-4271-9EA0-21C6D8F71711}.Debug|Any CPU.Build.0 = Debug|Any CPU
		{59874607-AA28-4271-9EA0-21C6D8F71711}.Debug|Any CPU.Deploy.0 = Debug|Any CPU
		{59874607-AA28-4271-9EA0-21C6D8F71711}.Release|Any CPU.ActiveCfg = Release|Any CPU
		{59874607-AA28-4271-9EA0-21C6D8F71711}.Release|Any CPU.Build.0 = Release|Any CPU
		{59874607-AA28-4271-9EA0-21C6D8F71711}.Release|Any CPU.Deploy.0 = Release|Any CPU
	EndGlobalSection
	GlobalSection(SolutionProperties) = preSolution
		HideSolutionNode = FALSE
	EndGlobalSection
	GlobalSection(ExtensibilityGlobals) = postSolution
		SolutionGuid = {ED9B871A-9579-49BF-A387-E9D69A05D87B}
	EndGlobalSection
EndGlobal
